
Microsoft Visual Studio Solution File, Format Version 12.00
# Visual Studio Version 17
VisualStudioVersion = 17.5.33502.453
MinimumVisualStudioVersion = 10.0.40219.1
Project("{9A19103F-16F7-4668-BE54-9A1E7A4F7556}") = "AprendendoWEB", "AprendendoWEB\AprendendoWEB.csproj", "{933312C5-DDB6-463A-825D-C0507B4A669D}"
EndProject
Global
	GlobalSection(SolutionConfigurationPlatforms) = preSolution
		Debug|Any CPU = Debug|Any CPU
		Release|Any CPU = Release|Any CPU
	EndGlobalSection
	GlobalSection(ProjectConfigurationPlatforms) = postSolution
		{933312C5-DDB6-463A-825D-C0507B4A669D}.Debug|Any CPU.ActiveCfg = Debug|Any CPU
		{933312C5-DDB6-463A-825D-C0507B4A669D}.Debug|Any CPU.Build.0 = Debug|Any CPU
		{933312C5-DDB6-463A-825D-C0507B4A669D}.Release|Any CPU.ActiveCfg = Release|Any CPU
		{933312C5-DDB6-463A-825D-C0507B4A669D}.Release|Any CPU.Build.0 = Release|Any CPU
	EndGlobalSection
	GlobalSection(SolutionProperties) = preSolution
		HideSolutionNode = FALSE
	EndGlobalSection
	GlobalSection(ExtensibilityGlobals) = postSolution
		SolutionGuid = {C6A5C904-B682-454D-808B-516277D721CE}
	EndGlobalSection
EndGlobal
